
Microsoft Visual Studio Solution File, Format Version 12.00
# Visual Studio Version 17
VisualStudioVersion = 17.0.31903.59
MinimumVisualStudioVersion = 10.0.40219.1
Project("{FAE04EC0-301F-11D3-BF4B-00C04F79EFBC}") = "DynamicProxy", "DynamicProxy\DynamicProxy.csproj", "{96A1EA87-C292-4B15-8EDA-EC892CDA3414}"
EndProject
Project("{FAE04EC0-301F-11D3-BF4B-00C04F79EFBC}") = "UnitTest", "UnitTest\UnitTest.csproj", "{48E1936F-44EF-40B2-A282-E829E5BCA71E}"
EndProject
Global
	GlobalSection(SolutionConfigurationPlatforms) = preSolution
		Debug|Any CPU = Debug|Any CPU
		Debug|x64 = Debug|x64
		Debug|x86 = Debug|x86
		Release|Any CPU = Release|Any CPU
		Release|x64 = Release|x64
		Release|x86 = Release|x86
	EndGlobalSection
	GlobalSection(ProjectConfigurationPlatforms) = postSolution
		{96A1EA87-C292-4B15-8EDA-EC892CDA3414}.Debug|Any CPU.ActiveCfg = Debug|Any CPU
		{96A1EA87-C292-4B15-8EDA-EC892CDA3414}.Debug|Any CPU.Build.0 = Debug|Any CPU
		{96A1EA87-C292-4B15-8EDA-EC892CDA3414}.Debug|x64.ActiveCfg = Debug|Any CPU
		{96A1EA87-C292-4B15-8EDA-EC892CDA3414}.Debug|x64.Build.0 = Debug|Any CPU
		{96A1EA87-C292-4B15-8EDA-EC892CDA3414}.Debug|x86.ActiveCfg = Debug|Any CPU
		{96A1EA87-C292-4B15-8EDA-EC892CDA3414}.Debug|x86.Build.0 = Debug|Any CPU
		{96A1EA87-C292-4B15-8EDA-EC892CDA3414}.Release|Any CPU.ActiveCfg = Release|Any CPU
		{96A1EA87-C292-4B15-8EDA-EC892CDA3414}.Release|Any CPU.Build.0 = Release|Any CPU
		{96A1EA87-C292-4B15-8EDA-EC892CDA3414}.Release|x64.ActiveCfg = Release|Any CPU
		{96A1EA87-C292-4B15-8EDA-EC892CDA3414}.Release|x64.Build.0 = Release|Any CPU
		{96A1EA87-C292-4B15-8EDA-EC892CDA3414}.Release|x86.ActiveCfg = Release|Any CPU
		{96A1EA87-C292-4B15-8EDA-EC892CDA3414}.Release|x86.Build.0 = Release|Any CPU
		{48E1936F-44EF-40B2-A282-E829E5BCA71E}.Debug|Any CPU.ActiveCfg = Debug|Any CPU
		{48E1936F-44EF-40B2-A282-E829E5BCA71E}.Debug|Any CPU.Build.0 = Debug|Any CPU
		{48E1936F-44EF-40B2-A282-E829E5BCA71E}.Debug|x64.ActiveCfg = Debug|Any CPU
		{48E1936F-44EF-40B2-A282-E829E5BCA71E}.Debug|x64.Build.0 = Debug|Any CPU
		{48E1936F-44EF-40B2-A282-E829E5BCA71E}.Debug|x86.ActiveCfg = Debug|Any CPU
		{48E1936F-44EF-40B2-A282-E829E5BCA71E}.Debug|x86.Build.0 = Debug|Any CPU
		{48E1936F-44EF-40B2-A282-E829E5BCA71E}.Release|Any CPU.ActiveCfg = Release|Any CPU
		{48E1936F-44EF-40B2-A282-E829E5BCA71E}.Release|Any CPU.Build.0 = Release|Any CPU
		{48E1936F-44EF-40B2-A282-E829E5BCA71E}.Release|x64.ActiveCfg = Release|Any CPU
		{48E1936F-44EF-40B2-A282-E829E5BCA71E}.Release|x64.Build.0 = Release|Any CPU
		{48E1936F-44EF-40B2-A282-E829E5BCA71E}.Release|x86.ActiveCfg = Release|Any CPU
		{48E1936F-44EF-40B2-A282-E829E5BCA71E}.Release|x86.Build.0 = Release|Any CPU
	EndGlobalSection
	GlobalSection(SolutionProperties) = preSolution
		HideSolutionNode = FALSE
	EndGlobalSection
EndGlobal
